Microsoft Visual Studio Solution File, Format Version 12.00
# Visual Studio Version 17
VisualStudioVersion = 17.5.2.0
MinimumVisualStudioVersion = 10.0.40219.1
Project("{FAE04EC0-301F-11D3-BF4B-00C04F79EFBC}") = "oxiwire-dotnet", "oxiwire-dotnet\oxiwire-dotnet.csproj", "{E2165D93-9721-8A83-B2DF-A52C49EB02D1}"
EndProject
Project("{FAE04EC0-301F-11D3-BF4B-00C04F79EFBC}") = "acid-dotnet", "acid-dotnet\acid-dotnet.csproj", "{E784F266-EBDA-CB5E-D5B5-A4F4886BAC6A}"
EndProject
Global
	GlobalSection(SolutionConfigurationPlatforms) = preSolution
		Debug|Any CPU = Debug|Any CPU
		Release|Any CPU = Release|Any CPU
	EndGlobalSection
	GlobalSection(ProjectConfigurationPlatforms) = postSolution
		{E2165D93-9721-8A83-B2DF-A52C49EB02D1}.Debug|Any CPU.ActiveCfg = Debug|Any CPU
		{E2165D93-9721-8A83-B2DF-A52C49EB02D1}.Debug|Any CPU.Build.0 = Debug|Any CPU
		{E2165D93-9721-8A83-B2DF-A52C49EB02D1}.Release|Any CPU.ActiveCfg = Release|Any CPU
		{E2165D93-9721-8A83-B2DF-A52C49EB02D1}.Release|Any CPU.Build.0 = Release|Any CPU
		{E784F266-EBDA-CB5E-D5B5-A4F4886BAC6A}.Debug|Any CPU.ActiveCfg = Debug|Any CPU
		{E784F266-EBDA-CB5E-D5B5-A4F4886BAC6A}.Debug|Any CPU.Build.0 = Debug|Any CPU
		{E784F266-EBDA-CB5E-D5B5-A4F4886BAC6A}.Release|Any CPU.ActiveCfg = Release|Any CPU
		{E784F266-EBDA-CB5E-D5B5-A4F4886BAC6A}.Release|Any CPU.Build.0 = Release|Any CPU
	EndGlobalSection
	GlobalSection(SolutionProperties) = preSolution
		HideSolutionNode = FALSE
	EndGlobalSection
	GlobalSection(ExtensibilityGlobals) = postSolution
		SolutionGuid = {34E9BCDA-71BE-4932-A931-9834950AF9B9}
	EndGlobalSection
EndGlobal
