
Microsoft Visual Studio Solution File, Format Version 12.00
# Visual Studio Version 17
VisualStudioVersion = 17.0.31903.59
MinimumVisualStudioVersion = 10.0.40219.1
Project("{FAE04EC0-301F-11D3-BF4B-00C04F79EFBC}") = "OxiDb.Client", "OxiDb.Client\OxiDb.Client.csproj", "{A1B2C3D4-E5F6-7890-ABCD-EF1234567890}"
EndProject
Project("{FAE04EC0-301F-11D3-BF4B-00C04F79EFBC}") = "OxiDb.Benchmark", "OxiDb.Benchmark\OxiDb.Benchmark.csproj", "{9528EB1B-7DE9-4514-ABB1-FF8CA88E2251}"
EndProject
Project("{FAE04EC0-301F-11D3-BF4B-00C04F79EFBC}") = "OxiDb.Client.Tcp", "OxiDb.Client.Tcp\OxiDb.Client.Tcp.csproj", "{C3D4E5F6-A7B8-9012-CDEF-123456789012}"
EndProject
Project("{FAE04EC0-301F-11D3-BF4B-00C04F79EFBC}") = "OxiDb.Client.Embedded", "OxiDb.Client.Embedded\OxiDb.Client.Embedded.csproj", "{E5F6A7B8-C9D0-1234-EF12-345678901234}"
EndProject
Project("{FAE04EC0-301F-11D3-BF4B-00C04F79EFBC}") = "OxiDb.Client.S3", "OxiDb.Client.S3\OxiDb.Client.S3.csproj", "{666F694A-1212-48F6-ADFC-BB3A057C8C7B}"
EndProject
Project("{FAE04EC0-301F-11D3-BF4B-00C04F79EFBC}") = "OxiDb.Client.S3.Sample", "OxiDb.Client.S3.Sample\OxiDb.Client.S3.Sample.csproj", "{7245D4FB-5C51-4AB5-8DE1-0EE8FBCA6EF7}"
EndProject
Global
	GlobalSection(SolutionConfigurationPlatforms) = preSolution
		Debug|Any CPU = Debug|Any CPU
		Debug|x64 = Debug|x64
		Debug|x86 = Debug|x86
		Release|Any CPU = Release|Any CPU
		Release|x64 = Release|x64
		Release|x86 = Release|x86
	EndGlobalSection
	GlobalSection(ProjectConfigurationPlatforms) = postSolution
		{A1B2C3D4-E5F6-7890-ABCD-EF1234567890}.Debug|Any CPU.ActiveCfg = Debug|Any CPU
		{A1B2C3D4-E5F6-7890-ABCD-EF1234567890}.Debug|Any CPU.Build.0 = Debug|Any CPU
		{A1B2C3D4-E5F6-7890-ABCD-EF1234567890}.Debug|x64.ActiveCfg = Debug|Any CPU
		{A1B2C3D4-E5F6-7890-ABCD-EF1234567890}.Debug|x64.Build.0 = Debug|Any CPU
		{A1B2C3D4-E5F6-7890-ABCD-EF1234567890}.Debug|x86.ActiveCfg = Debug|Any CPU
		{A1B2C3D4-E5F6-7890-ABCD-EF1234567890}.Debug|x86.Build.0 = Debug|Any CPU
		{A1B2C3D4-E5F6-7890-ABCD-EF1234567890}.Release|Any CPU.ActiveCfg = Release|Any CPU
		{A1B2C3D4-E5F6-7890-ABCD-EF1234567890}.Release|Any CPU.Build.0 = Release|Any CPU
		{A1B2C3D4-E5F6-7890-ABCD-EF1234567890}.Release|x64.ActiveCfg = Release|Any CPU
		{A1B2C3D4-E5F6-7890-ABCD-EF1234567890}.Release|x64.Build.0 = Release|Any CPU
		{A1B2C3D4-E5F6-7890-ABCD-EF1234567890}.Release|x86.ActiveCfg = Release|Any CPU
		{A1B2C3D4-E5F6-7890-ABCD-EF1234567890}.Release|x86.Build.0 = Release|Any CPU
		{9528EB1B-7DE9-4514-ABB1-FF8CA88E2251}.Debug|Any CPU.ActiveCfg = Debug|Any CPU
		{9528EB1B-7DE9-4514-ABB1-FF8CA88E2251}.Debug|Any CPU.Build.0 = Debug|Any CPU
		{9528EB1B-7DE9-4514-ABB1-FF8CA88E2251}.Debug|x64.ActiveCfg = Debug|Any CPU
		{9528EB1B-7DE9-4514-ABB1-FF8CA88E2251}.Debug|x64.Build.0 = Debug|Any CPU
		{9528EB1B-7DE9-4514-ABB1-FF8CA88E2251}.Debug|x86.ActiveCfg = Debug|Any CPU
		{9528EB1B-7DE9-4514-ABB1-FF8CA88E2251}.Debug|x86.Build.0 = Debug|Any CPU
		{9528EB1B-7DE9-4514-ABB1-FF8CA88E2251}.Release|Any CPU.ActiveCfg = Release|Any CPU
		{9528EB1B-7DE9-4514-ABB1-FF8CA88E2251}.Release|Any CPU.Build.0 = Release|Any CPU
		{9528EB1B-7DE9-4514-ABB1-FF8CA88E2251}.Release|x64.ActiveCfg = Release|Any CPU
		{9528EB1B-7DE9-4514-ABB1-FF8CA88E2251}.Release|x64.Build.0 = Release|Any CPU
		{9528EB1B-7DE9-4514-ABB1-FF8CA88E2251}.Release|x86.ActiveCfg = Release|Any CPU
		{9528EB1B-7DE9-4514-ABB1-FF8CA88E2251}.Release|x86.Build.0 = Release|Any CPU
		{C3D4E5F6-A7B8-9012-CDEF-123456789012}.Debug|Any CPU.ActiveCfg = Debug|Any CPU
		{C3D4E5F6-A7B8-9012-CDEF-123456789012}.Debug|Any CPU.Build.0 = Debug|Any CPU
		{C3D4E5F6-A7B8-9012-CDEF-123456789012}.Debug|x64.ActiveCfg = Debug|Any CPU
		{C3D4E5F6-A7B8-9012-CDEF-123456789012}.Debug|x64.Build.0 = Debug|Any CPU
		{C3D4E5F6-A7B8-9012-CDEF-123456789012}.Debug|x86.ActiveCfg = Debug|Any CPU
		{C3D4E5F6-A7B8-9012-CDEF-123456789012}.Debug|x86.Build.0 = Debug|Any CPU
		{C3D4E5F6-A7B8-9012-CDEF-123456789012}.Release|Any CPU.ActiveCfg = Release|Any CPU
		{C3D4E5F6-A7B8-9012-CDEF-123456789012}.Release|Any CPU.Build.0 = Release|Any CPU
		{C3D4E5F6-A7B8-9012-CDEF-123456789012}.Release|x64.ActiveCfg = Release|Any CPU
		{C3D4E5F6-A7B8-9012-CDEF-123456789012}.Release|x64.Build.0 = Release|Any CPU
		{C3D4E5F6-A7B8-9012-CDEF-123456789012}.Release|x86.ActiveCfg = Release|Any CPU
		{C3D4E5F6-A7B8-9012-CDEF-123456789012}.Release|x86.Build.0 = Release|Any CPU
		{E5F6A7B8-C9D0-1234-EF12-345678901234}.Debug|Any CPU.ActiveCfg = Debug|Any CPU
		{E5F6A7B8-C9D0-1234-EF12-345678901234}.Debug|Any CPU.Build.0 = Debug|Any CPU
		{E5F6A7B8-C9D0-1234-EF12-345678901234}.Debug|x64.ActiveCfg = Debug|Any CPU
		{E5F6A7B8-C9D0-1234-EF12-345678901234}.Debug|x64.Build.0 = Debug|Any CPU
		{E5F6A7B8-C9D0-1234-EF12-345678901234}.Debug|x86.ActiveCfg = Debug|Any CPU
		{E5F6A7B8-C9D0-1234-EF12-345678901234}.Debug|x86.Build.0 = Debug|Any CPU
		{E5F6A7B8-C9D0-1234-EF12-345678901234}.Release|Any CPU.ActiveCfg = Release|Any CPU
		{E5F6A7B8-C9D0-1234-EF12-345678901234}.Release|Any CPU.Build.0 = Release|Any CPU
		{E5F6A7B8-C9D0-1234-EF12-345678901234}.Release|x64.ActiveCfg = Release|Any CPU
		{E5F6A7B8-C9D0-1234-EF12-345678901234}.Release|x64.Build.0 = Release|Any CPU
		{E5F6A7B8-C9D0-1234-EF12-345678901234}.Release|x86.ActiveCfg = Release|Any CPU
		{E5F6A7B8-C9D0-1234-EF12-345678901234}.Release|x86.Build.0 = Release|Any CPU
		{666F694A-1212-48F6-ADFC-BB3A057C8C7B}.Debug|Any CPU.ActiveCfg = Debug|Any CPU
		{666F694A-1212-48F6-ADFC-BB3A057C8C7B}.Debug|Any CPU.Build.0 = Debug|Any CPU
		{666F694A-1212-48F6-ADFC-BB3A057C8C7B}.Debug|x64.ActiveCfg = Debug|Any CPU
		{666F694A-1212-48F6-ADFC-BB3A057C8C7B}.Debug|x64.Build.0 = Debug|Any CPU
		{666F694A-1212-48F6-ADFC-BB3A057C8C7B}.Debug|x86.ActiveCfg = Debug|Any CPU
		{666F694A-1212-48F6-ADFC-BB3A057C8C7B}.Debug|x86.Build.0 = Debug|Any CPU
		{666F694A-1212-48F6-ADFC-BB3A057C8C7B}.Release|Any CPU.ActiveCfg = Release|Any CPU
		{666F694A-1212-48F6-ADFC-BB3A057C8C7B}.Release|Any CPU.Build.0 = Release|Any CPU
		{666F694A-1212-48F6-ADFC-BB3A057C8C7B}.Release|x64.ActiveCfg = Release|Any CPU
		{666F694A-1212-48F6-ADFC-BB3A057C8C7B}.Release|x64.Build.0 = Release|Any CPU
		{666F694A-1212-48F6-ADFC-BB3A057C8C7B}.Release|x86.ActiveCfg = Release|Any CPU
		{666F694A-1212-48F6-ADFC-BB3A057C8C7B}.Release|x86.Build.0 = Release|Any CPU
		{7245D4FB-5C51-4AB5-8DE1-0EE8FBCA6EF7}.Debug|Any CPU.ActiveCfg = Debug|Any CPU
		{7245D4FB-5C51-4AB5-8DE1-0EE8FBCA6EF7}.Debug|Any CPU.Build.0 = Debug|Any CPU
		{7245D4FB-5C51-4AB5-8DE1-0EE8FBCA6EF7}.Debug|x64.ActiveCfg = Debug|Any CPU
		{7245D4FB-5C51-4AB5-8DE1-0EE8FBCA6EF7}.Debug|x64.Build.0 = Debug|Any CPU
		{7245D4FB-5C51-4AB5-8DE1-0EE8FBCA6EF7}.Debug|x86.ActiveCfg = Debug|Any CPU
		{7245D4FB-5C51-4AB5-8DE1-0EE8FBCA6EF7}.Debug|x86.Build.0 = Debug|Any CPU
		{7245D4FB-5C51-4AB5-8DE1-0EE8FBCA6EF7}.Release|Any CPU.ActiveCfg = Release|Any CPU
		{7245D4FB-5C51-4AB5-8DE1-0EE8FBCA6EF7}.Release|Any CPU.Build.0 = Release|Any CPU
		{7245D4FB-5C51-4AB5-8DE1-0EE8FBCA6EF7}.Release|x64.ActiveCfg = Release|Any CPU
		{7245D4FB-5C51-4AB5-8DE1-0EE8FBCA6EF7}.Release|x64.Build.0 = Release|Any CPU
		{7245D4FB-5C51-4AB5-8DE1-0EE8FBCA6EF7}.Release|x86.ActiveCfg = Release|Any CPU
		{7245D4FB-5C51-4AB5-8DE1-0EE8FBCA6EF7}.Release|x86.Build.0 = Release|Any CPU
	EndGlobalSection
	GlobalSection(SolutionProperties) = preSolution
		HideSolutionNode = FALSE
	EndGlobalSection
EndGlobal
